
Microsoft Visual Studio Solution File, Format Version 12.00
# Visual Studio Version 17
VisualStudioVersion = 17.14.36310.24 d17.14
MinimumVisualStudioVersion = 10.0.40219.1
Project("{FAE04EC0-301F-11D3-BF4B-00C04F79EFBC}") = "ULTRA", "ULTRA.csproj", "{84F783A4-2EA4-4AEE-A166-050B4BE82FAA}"
EndProject
Global
	GlobalSection(SolutionConfigurationPlatforms) = preSolution
		Debug|Any CPU = Debug|Any CPU
		Release|Any CPU = Release|Any CPU
	EndGlobalSection
	GlobalSection(ProjectConfigurationPlatforms) = postSolution
		{84F783A4-2EA4-4AEE-A166-050B4BE82FAA}.Debug|Any CPU.ActiveCfg = Debug|Any CPU
		{84F783A4-2EA4-4AEE-A166-050B4BE82FAA}.Debug|Any CPU.Build.0 = Debug|Any CPU
		{84F783A4-2EA4-4AEE-A166-050B4BE82FAA}.Release|Any CPU.ActiveCfg = Release|Any CPU
		{84F783A4-2EA4-4AEE-A166-050B4BE82FAA}.Release|Any CPU.Build.0 = Release|Any CPU
	EndGlobalSection
	GlobalSection(SolutionProperties) = preSolution
		HideSolutionNode = FALSE
	EndGlobalSection
	GlobalSection(ExtensibilityGlobals) = postSolution
		SolutionGuid = {97D4708B-1FD6-4877-88AC-9F4013FD1811}
	EndGlobalSection
EndGlobal
